
Microsoft Visual Studio Solution File, Format Version 12.00
# Visual Studio Version 17
VisualStudioVersion = 17.5.33424.131
MinimumVisualStudioVersion = 10.0.40219.1
Project("{FAE04EC0-301F-11D3-BF4B-00C04F79EFBC}") = "class2Exercise4", "class2Exercise4\class2Exercise4.csproj", "{41D948CC-696B-44B8-B003-8AE49AD52D15}"
EndProject
Global
	GlobalSection(SolutionConfigurationPlatforms) = preSolution
		Debug|Any CPU = Debug|Any CPU
		Release|Any CPU = Release|Any CPU
	EndGlobalSection
	GlobalSection(ProjectConfigurationPlatforms) = postSolution
		{41D948CC-696B-44B8-B003-8AE49AD52D15}.Debug|Any CPU.ActiveCfg = Debug|Any CPU
		{41D948CC-696B-44B8-B003-8AE49AD52D15}.Debug|Any CPU.Build.0 = Debug|Any CPU
		{41D948CC-696B-44B8-B003-8AE49AD52D15}.Release|Any CPU.ActiveCfg = Release|Any CPU
		{41D948CC-696B-44B8-B003-8AE49AD52D15}.Release|Any CPU.Build.0 = Release|Any CPU
	EndGlobalSection
	GlobalSection(SolutionProperties) = preSolution
		HideSolutionNode = FALSE
	EndGlobalSection
	GlobalSection(ExtensibilityGlobals) = postSolution
		SolutionGuid = {E65E6684-740A-40A0-B98A-1DC865406B94}
	EndGlobalSection
EndGlobal
