
Microsoft Visual Studio Solution File, Format Version 12.00
# Visual Studio Version 17
VisualStudioVersion = 17.5.33424.131
MinimumVisualStudioVersion = 10.0.40219.1
Project("{FAE04EC0-301F-11D3-BF4B-00C04F79EFBC}") = "Task2", "Task2\Task2.csproj", "{14D81E0D-3B37-4D47-A4AA-8CE64E437483}"
EndProject
Global
	GlobalSection(SolutionConfigurationPlatforms) = preSolution
		Debug|Any CPU = Debug|Any CPU
		Release|Any CPU = Release|Any CPU
	EndGlobalSection
	GlobalSection(ProjectConfigurationPlatforms) = postSolution
		{14D81E0D-3B37-4D47-A4AA-8CE64E437483}.Debug|Any CPU.ActiveCfg = Debug|Any CPU
		{14D81E0D-3B37-4D47-A4AA-8CE64E437483}.Debug|Any CPU.Build.0 = Debug|Any CPU
		{14D81E0D-3B37-4D47-A4AA-8CE64E437483}.Release|Any CPU.ActiveCfg = Release|Any CPU
		{14D81E0D-3B37-4D47-A4AA-8CE64E437483}.Release|Any CPU.Build.0 = Release|Any CPU
	EndGlobalSection
	GlobalSection(SolutionProperties) = preSolution
		HideSolutionNode = FALSE
	EndGlobalSection
	GlobalSection(ExtensibilityGlobals) = postSolution
		SolutionGuid = {6144DFB8-CFB4-448D-B404-8E1F7857C9B6}
	EndGlobalSection
EndGlobal
